
Microsoft Visual Studio Solution File, Format Version 12.00
# Visual Studio Version 16
VisualStudioVersion = 16.0.31321.278
MinimumVisualStudioVersion = 10.0.40219.1
Project("{9A19103F-16F7-4668-BE54-9A1E7A4F7556}") = "ma9.Api", "src\ma9.Api\ma9.Api.csproj", "{958AE917-C721-4A1F-8345-2DCC3FC5C05D}"
EndProject
Project("{9A19103F-16F7-4668-BE54-9A1E7A4F7556}") = "ma9.Data", "src\ma9.Data\ma9.Data.csproj", "{4AFEEFE7-0C5C-4ED4-8C2A-BE27AE39C329}"
EndProject
Project("{9A19103F-16F7-4668-BE54-9A1E7A4F7556}") = "ma9.Business", "src\ma9.Business\ma9.Business.csproj", "{32CC3798-65FB-44F8-8679-16606AEDDB02}"
EndProject
Global
	GlobalSection(SolutionConfigurationPlatforms) = preSolution
		Debug|Any CPU = Debug|Any CPU
		Release|Any CPU = Release|Any CPU
	EndGlobalSection
	GlobalSection(ProjectConfigurationPlatforms) = postSolution
		{958AE917-C721-4A1F-8345-2DCC3FC5C05D}.Debug|Any CPU.ActiveCfg = Debug|Any CPU
		{958AE917-C721-4A1F-8345-2DCC3FC5C05D}.Debug|Any CPU.Build.0 = Debug|Any CPU
		{958AE917-C721-4A1F-8345-2DCC3FC5C05D}.Release|Any CPU.ActiveCfg = Release|Any CPU
		{958AE917-C721-4A1F-8345-2DCC3FC5C05D}.Release|Any CPU.Build.0 = Release|Any CPU
		{4AFEEFE7-0C5C-4ED4-8C2A-BE27AE39C329}.Debug|Any CPU.ActiveCfg = Debug|Any CPU
		{4AFEEFE7-0C5C-4ED4-8C2A-BE27AE39C329}.Debug|Any CPU.Build.0 = Debug|Any CPU
		{4AFEEFE7-0C5C-4ED4-8C2A-BE27AE39C329}.Release|Any CPU.ActiveCfg = Release|Any CPU
		{4AFEEFE7-0C5C-4ED4-8C2A-BE27AE39C329}.Release|Any CPU.Build.0 = Release|Any CPU
		{32CC3798-65FB-44F8-8679-16606AEDDB02}.Debug|Any CPU.ActiveCfg = Debug|Any CPU
		{32CC3798-65FB-44F8-8679-16606AEDDB02}.Debug|Any CPU.Build.0 = Debug|Any CPU
		{32CC3798-65FB-44F8-8679-16606AEDDB02}.Release|Any CPU.ActiveCfg = Release|Any CPU
		{32CC3798-65FB-44F8-8679-16606AEDDB02}.Release|Any CPU.Build.0 = Release|Any CPU
	EndGlobalSection
	GlobalSection(SolutionProperties) = preSolution
		HideSolutionNode = FALSE
	EndGlobalSection
	GlobalSection(ExtensibilityGlobals) = postSolution
		SolutionGuid = {2E6E9702-E146-4D5F-ABCE-C3F148CECD2E}
	EndGlobalSection
EndGlobal
